// !$*UTF8*$!
{
	archiveVersion = 1;
	classes = {
	};
	objectVersion = 46;
	objects = {

/* Begin PBXBuildFile section */
		ADC42CB41D34287000B36E14 /* AppDelegate.swift in Sources */ = {isa = PBXBuildFile; fileRef = ADC42CB31D34287000B36E14 /* AppDelegate.swift */; };
		ADC42CB61D34287000B36E14 /* ViewController.swift in Sources */ = {isa = PBXBuildFile; fileRef = ADC42CB51D34287000B36E14 /* ViewController.swift */; };
		ADC42CB91D34287000B36E14 /* Main.storyboard in Resources */ = {isa = PBXBuildFile; fileRef = ADC42CB71D34287000B36E14 /* Main.storyboard */; };
		ADC42CBB1D34287000B36E14 /* Assets.xcassets in Resources */ = {isa = PBXBuildFile; fileRef = ADC42CBA1D34287000B36E14 /* Assets.xcassets */; };
		ADC42CBE1D34287000B36E14 /* LaunchScreen.storyboard in Resources */ = {isa = PBXBuildFile; fileRef = ADC42CBC1D34287000B36E14 /* LaunchScreen.storyboard */; };
		ADC42CC91D34287000B36E14 /* MemeMeTests.swift in Sources */ = {isa = PBXBuildFile; fileRef = ADC42CC81D34287000B36E14 /* MemeMeTests.swift */; };
		ADC42CD41D34287000B36E14 /* MemeMeUITests.swift in Sources */ = {isa = PBXBuildFile; fileRef = ADC42CD31D34287000B36E14 /* MemeMeUITests.swift */; };
/* End PBXBuildFile section */

/* Begin PBXContainerItemProxy section */
		ADC42CC51D34287000B36E14 /* PBXContainerItemProxy */ = {
			isa = PBXContainerItemProxy;
			containerPortal = ADC42CA81D34287000B36E14 /* Project object */;
			proxyType = 1;
			remoteGlobalIDString = ADC42CAF1D34287000B36E14;
			remoteInfo = MemeMe;
		};
		ADC42CD01D34287000B36E14 /* PBXContainerItemProxy */ = {
			isa = PBXContainerItemProxy;
			containerPortal = ADC42CA81D34287000B36E14 /* Project object */;
			proxyType = 1;
			remoteGlobalIDString = ADC42CAF1D34287000B36E14;
			remoteInfo = MemeMe;
		};
/* End PBXContainerItemProxy section */

/* Begin PBXFileReference section */
		ADC42CB01D34287000B36E14 /* MemeMe.app */ = {isa = PBXFileReference; explicitFileType = wrapper.application; includeInIndex = 0; path = MemeMe.app; sourceTree = BUILT_PRODUCTS_DIR; };
		ADC42CB31D34287000B36E14 /* AppDelegate.swift */ = {isa = PBXFileReference; lastKnownFileType = sourcecode.swift; path = AppDelegate.swift; sourceTree = "<group>"; };
		ADC42CB51D34287000B36E14 /* ViewController.swift */ = {isa = PBXFileReference; lastKnownFileType = sourcecode.swift; path = ViewController.swift; sourceTree = "<group>"; };
		ADC42CB81D34287000B36E14 /* Base */ = {isa = PBXFileReference; lastKnownFileType = file.storyboard; name = Base; path = Base.lproj/Main.storyboard; sourceTree = "<group>"; };
		ADC42CBA1D34287000B36E14 /* Assets.xcassets */ = {isa = PBXFileReference; lastKnownFileType = folder.assetcatalog; path = Assets.xcassets; sourceTree = "<group>"; };
		ADC42CBD1D34287000B36E14 /* Base */ = {isa = PBXFileReference; lastKnownFileType = file.storyboard; name = Base; path = Base.lproj/LaunchScreen.storyboard; sourceTree = "<group>"; };
		ADC42CBF1D34287000B36E14 /* Info.plist */ = {isa = PBXFileReference; lastKnownFileType = text.plist.xml; path = Info.plist; sourceTree = "<group>"; };
		ADC42CC41D34287000B36E14 /* MemeMeTests.xctest */ = {isa = PBXFileReference; explicitFileType = wrapper.cfbundle; includeInIndex = 0; path = MemeMeTests.xctest; sourceTree = BUILT_PRODUCTS_DIR; };
		ADC42CC81D34287000B36E14 /* MemeMeTests.swift */ = {isa = PBXFileReference; lastKnownFileType = sourcecode.swift; path = MemeMeTests.swift; sourceTree = "<group>"; };
		ADC42CCA1D34287000B36E14 /* Info.plist */ = {isa = PBXFileReference; lastKnownFileType = text.plist.xml; path = Info.plist; sourceTree = "<group>"; };
		ADC42CCF1D34287000B36E14 /* MemeMeUITests.xctest */ = {isa = PBXFileReference; explicitFileType = wrapper.cfbundle; includeInIndex = 0; path = MemeMeUITests.xctest; sourceTree = BUILT_PRODUCTS_DIR; };
		ADC42CD31D34287000B36E14 /* MemeMeUITests.swift */ = {isa = PBXFileReference; lastKnownFileType = sourcecode.swift; path = MemeMeUITests.swift; sourceTree = "<group>"; };
		ADC42CD51D34287000B36E14 /* Info.plist */ = {isa = PBXFileReference; lastKnownFileType = text.plist.xml; path = Info.plist; sourceTree = "<group>"; };
/* End PBXFileReference section */

/* Begin PBXFrameworksBuildPhase section */
		ADC42CAD1D34287000B36E14 /* Frameworks */ = {
			isa = PBXFrameworksBuildPhase;
			buildActionMask = 2147483647;
			files = (
			);
			runOnlyForDeploymentPostprocessing = 0;
		};
		ADC42CC11D34287000B36E14 /* Frameworks */ = {
			isa = PBXFrameworksBuildPhase;
			buildActionMask = 2147483647;
			files = (
			);
			runOnlyForDeploymentPostprocessing = 0;
		};
		ADC42CCC1D34287000B36E14 /* Frameworks */ = {
			isa = PBXFrameworksBuildPhase;
			buildActionMask = 2147483647;
			files = (
			);
			runOnlyForDeploymentPostprocessing = 0;
		};
/* End PBXFrameworksBuildPhase section */

/* Begin PBXGroup section */
		ADC42CA71D34287000B36E14 = {
			isa = PBXGroup;
			children = (
				ADC42CB21D34287000B36E14 /* MemeMe */,
				ADC42CC71D34287000B36E14 /* MemeMeTests */,
				ADC42CD21D34287000B36E14 /* MemeMeUITests */,
				ADC42CB11D34287000B36E14 /* Products */,
			);
			sourceTree = "<group>";
		};
		ADC42CB11D34287000B36E14 /* Products */ = {
			isa = PBXGroup;
			children = (
				ADC42CB01D34287000B36E14 /* MemeMe.app */,
				ADC42CC41D34287000B36E14 /* MemeMeTests.xctest */,
				ADC42CCF1D34287000B36E14 /* MemeMeUITests.xctest */,
			);
			name = Products;
			sourceTree = "<group>";
		};
		ADC42CB21D34287000B36E14 /* MemeMe */ = {
			isa = PBXGroup;
			children = (
				ADC42CB31D34287000B36E14 /* AppDelegate.swift */,
				ADC42CB51D34287000B36E14 /* ViewController.swift */,
				ADC42CB71D34287000B36E14 /* Main.storyboard */,
				ADC42CBA1D34287000B36E14 /* Assets.xcassets */,
				ADC42CBC1D34287000B36E14 /* LaunchScreen.storyboard */,
				ADC42CBF1D34287000B36E14 /* Info.plist */,
			);
			path = MemeMe;
			sourceTree = "<group>";
		};
		ADC42CC71D34287000B36E14 /* MemeMeTests */ = {
			isa = PBXGroup;
			children = (
				ADC42CC81D34287000B36E14 /* MemeMeTests.swift */,
				ADC42CCA1D34287000B36E14 /* Info.plist */,
			);
			path = MemeMeTests;
			sourceTree = "<group>";
		};
		ADC42CD21D34287000B36E14 /* MemeMeUITests */ = {
			isa = PBXGroup;
			children = (
				ADC42CD31D34287000B36E14 /* MemeMeUITests.swift */,
				ADC42CD51D34287000B36E14 /* Info.plist */,
			);
			path = MemeMeUITests;
			sourceTree = "<group>";
		};
/* End PBXGroup section */

/* Begin PBXNativeTarget section */
		ADC42CAF1D34287000B36E14 /* MemeMe */ = {
			isa = PBXNativeTarget;
			buildConfigurationList = ADC42CD81D34287000B36E14 /* Build configuration list for PBXNativeTarget "MemeMe" */;
			buildPhases = (
				ADC42CAC1D34287000B36E14 /* Sources */,
				ADC42CAD1D34287000B36E14 /* Frameworks */,
				ADC42CAE1D34287000B36E14 /* Resources */,
			);
			buildRules = (
			);
			dependencies = (
			);
			name = MemeMe;
			productName = MemeMe;
			productReference = ADC42CB01D34287000B36E14 /* MemeMe.app */;
			productType = "com.apple.product-type.application";
		};
		ADC42CC31D34287000B36E14 /* MemeMeTests */ = {
			isa = PBXNativeTarget;
			buildConfigurationList = ADC42CDB1D34287000B36E14 /* Build configuration list for PBXNativeTarget "MemeMeTests" */;
			buildPhases = (
				ADC42CC01D34287000B36E14 /* Sources */,
				ADC42CC11D34287000B36E14 /* Frameworks */,
				ADC42CC21D34287000B36E14 /* Resources */,
			);
			buildRules = (
			);
			dependencies = (
				ADC42CC61D34287000B36E14 /* PBXTargetDependency */,
			);
			name = MemeMeTests;
			productName = MemeMeTests;
			productReference = ADC42CC41D34287000B36E14 /* MemeMeTests.xctest */;
			productType = "com.apple.product-type.bundle.unit-test";
		};
		ADC42CCE1D34287000B36E14 /* MemeMeUITests */ = {
			isa = PBXNativeTarget;
			buildConfigurationList = ADC42CDE1D34287000B36E14 /* Build configuration list for PBXNativeTarget "MemeMeUITests" */;
			buildPhases = (
				ADC42CCB1D34287000B36E14 /* Sources */,
				ADC42CCC1D34287000B36E14 /* Frameworks */,
				ADC42CCD1D34287000B36E14 /* Resources */,
			);
			buildRules = (
			);
			dependencies = (
				ADC42CD11D34287000B36E14 /* PBXTargetDependency */,
			);
			name = MemeMeUITests;
			productName = MemeMeUITests;
			productReference = ADC42CCF1D34287000B36E14 /* MemeMeUITests.xctest */;
			productType = "com.apple.product-type.bundle.ui-testing";
		};
/* End PBXNativeTarget section */

/* Begin PBXProject section */
		ADC42CA81D34287000B36E14 /* Project object */ = {
			isa = PBXProject;
			attributes = {
				LastSwiftUpdateCheck = 0730;
				LastUpgradeCheck = 0730;
				ORGANIZATIONNAME = "Alfredo Aleman";
				TargetAttributes = {
					ADC42CAF1D34287000B36E14 = {
						CreatedOnToolsVersion = 7.3.1;
					};
					ADC42CC31D34287000B36E14 = {
						CreatedOnToolsVersion = 7.3.1;
						TestTargetID = ADC42CAF1D34287000B36E14;
					};
					ADC42CCE1D34287000B36E14 = {
						CreatedOnToolsVersion = 7.3.1;
						TestTargetID = ADC42CAF1D34287000B36E14;
					};
				};
			};
			buildConfigurationList = ADC42CAB1D34287000B36E14 /* Build configuration list for PBXProject "MemeMe" */;
			compatibilityVersion = "Xcode 3.2";
			developmentRegion = English;
			hasScannedForEncodings = 0;
			knownRegions = (
				en,
				Base,
			);
			mainGroup = ADC42CA71D34287000B36E14;
			productRefGroup = ADC42CB11D34287000B36E14 /* Products */;
			projectDirPath = "";
			projectRoot = "";
			targets = (
				ADC42CAF1D34287000B36E14 /* MemeMe */,
				ADC42CC31D34287000B36E14 /* MemeMeTests */,
				ADC42CCE1D34287000B36E14 /* MemeMeUITests */,
			);
		};
/* End PBXProject section */

/* Begin PBXResourcesBuildPhase section */
		ADC42CAE1D34287000B36E14 /* Resources */ = {
			isa = PBXResourcesBuildPhase;
			buildActionMask = 2147483647;
			files = (
				ADC42CBE1D34287000B36E14 /* LaunchScreen.storyboard in Resources */,
				ADC42CBB1D34287000B36E14 /* Assets.xcassets in Resources */,
				ADC42CB91D34287000B36E14 /* Main.storyboard in Resources */,
			);
			runOnlyForDeploymentPostprocessing = 0;
		};
		ADC42CC21D34287000B36E14 /* Resources */ = {
			isa = PBXResourcesBuildPhase;
			buildActionMask = 2147483647;
			files = (
			);
			runOnlyForDeploymentPostprocessing = 0;
		};
		ADC42CCD1D34287000B36E14 /* Resources */ = {
			isa = PBXResourcesBuildPhase;
			buildActionMask = 2147483647;
			files = (
			);
			runOnlyForDeploymentPostprocessing = 0;
		};
/* End PBXResourcesBuildPhase section */

/* Begin PBXSourcesBuildPhase section */
		ADC42CAC1D34287000B36E14 /* Sources */ = {
			isa = PBXSourcesBuildPhase;
			buildActionMask = 2147483647;
			files = (
				ADC42CB61D34287000B36E14 /* ViewController.swift in Sources */,
				ADC42CB41D34287000B36E14 /* AppDelegate.swift in Sources */,
			);
			runOnlyForDeploymentPostprocessing = 0;
		};
		ADC42CC01D34287000B36E14 /* Sources */ = {
			isa = PBXSourcesBuildPhase;
			buildActionMask = 2147483647;
			files = (
				ADC42CC91D34287000B36E14 /* MemeMeTests.swift in Sources */,
			);
			runOnlyForDeploymentPostprocessing = 0;
		};
		ADC42CCB1D34287000B36E14 /* Sources */ = {
			isa = PBXSourcesBuildPhase;
			buildActionMask = 2147483647;
			files = (
				ADC42CD41D34287000B36E14 /* MemeMeUITests.swift in Sources */,
			);
			runOnlyForDeploymentPostprocessing = 0;
		};
/* End PBXSourcesBuildPhase section */

/* Begin PBXTargetDependency section */
		ADC42CC61D34287000B36E14 /* PBXTargetDependency */ = {
			isa = PBXTargetDependency;
			target = ADC42CAF1D34287000B36E14 /* MemeMe */;
			targetProxy = ADC42CC51D34287000B36E14 /* PBXContainerItemProxy */;
		};
		ADC42CD11D34287000B36E14 /* PBXTargetDependency */ = {
			isa = PBXTargetDependency;
			target = ADC42CAF1D34287000B36E14 /* MemeMe */;
			targetProxy = ADC42CD01D34287000B36E14 /* PBXContainerItemProxy */;
		};
/* End PBXTargetDependency section */

/* Begin PBXVariantGroup section */
		ADC42CB71D34287000B36E14 /* Main.storyboard */ = {
			isa = PBXVariantGroup;
			children = (
				ADC42CB81D34287000B36E14 /* Base */,
			);
			name = Main.storyboard;
			sourceTree = "<group>";
		};
		ADC42CBC1D34287000B36E14 /* LaunchScreen.storyboard */ = {
			isa = PBXVariantGroup;
			children = (
				ADC42CBD1D34287000B36E14 /* Base */,
			);
			name = LaunchScreen.storyboard;
			sourceTree = "<group>";
		};
/* End PBXVariantGroup section */

/* Begin XCBuildConfiguration section */
		ADC42CD61D34287000B36E14 /* Debug */ = {
			isa = XCBuildConfiguration;
			buildSettings = {
				ALWAYS_SEARCH_USER_PATHS = NO;
				CLANG_ANALYZER_NONNULL = YES;
				CLANG_CXX_LANGUAGE_STANDARD = "gnu++0x";
				CLANG_CXX_LIBRARY = "libc++";
				CLANG_ENABLE_MODULES = YES;
				CLANG_ENABLE_OBJC_ARC = YES;
				CLANG_WARN_BOOL_CONVERSION = YES;
				CLANG_WARN_CONSTANT_CONVERSION = YES;
				CLANG_WARN_DIRECT_OBJC_ISA_USAGE = YES_ERROR;
				CLANG_WARN_EMPTY_BODY = YES;
				CLANG_WARN_ENUM_CONVERSION = YES;
				CLANG_WARN_INT_CONVERSION = YES;
				CLANG_WARN_OBJC_ROOT_CLASS = YES_ERROR;
				CLANG_WARN_UNREACHABLE_CODE = YES;
				CLANG_WARN__DUPLICATE_METHOD_MATCH = YES;
				"CODE_SIGN_IDENTITY[sdk=iphoneos*]" = "iPhone Developer";
				COPY_PHASE_STRIP = NO;
				DEBUG_INFORMATION_FORMAT = dwarf;
				ENABLE_STRICT_OBJC_MSGSEND = YES;
				ENABLE_TESTABILITY = YES;
				GCC_C_LANGUAGE_STANDARD = gnu99;
				GCC_DYNAMIC_NO_PIC = NO;
				GCC_NO_COMMON_BLOCKS = YES;
				GCC_OPTIMIZATION_LEVEL = 0;
				GCC_PREPROCESSOR_DEFINITIONS = (
					"DEBUG=1",
					"$(inherited)",
				);
				GCC_WARN_64_TO_32_BIT_CONVERSION = YES;
				GCC_WARN_ABOUT_RETURN_TYPE = YES_ERROR;
				GCC_WARN_UNDECLARED_SELECTOR = YES;
				GCC_WARN_UNINITIALIZED_AUTOS = YES_AGGRESSIVE;
				GCC_WARN_UNUSED_FUNCTION = YES;
				GCC_WARN_UNUSED_VARIABLE = YES;
				IPHONEOS_DEPLOYMENT_TARGET = 9.3;
				MTL_ENABLE_DEBUG_INFO = YES;
				ONLY_ACTIVE_ARCH = YES;
				SDKROOT = iphoneos;
				SWIFT_OPTIMIZATION_LEVEL = "-Onone";
				TARGETED_DEVICE_FAMILY = "1,2";
			};
			name = Debug;
		};
		ADC42CD71D34287000B36E14 /* Release */ = {
			isa = XCBuildConfiguration;
			buildSettings = {
				ALWAYS_SEARCH_USER_PATHS = NO;
				CLANG_ANALYZER_NONNULL = YES;
				CLANG_CXX_LANGUAGE_STANDARD = "gnu++0x";
				CLANG_CXX_LIBRARY = "libc++";
				CLANG_ENABLE_MODULES = YES;
				CLANG_ENABLE_OBJC_ARC = YES;
				CLANG_WARN_BOOL_CONVERSION = YES;
				CLANG_WARN_CONSTANT_CONVERSION = YES;
				CLANG_WARN_DIRECT_OBJC_ISA_USAGE = YES_ERROR;
				CLANG_WARN_EMPTY_BODY = YES;
				CLANG_WARN_ENUM_CONVERSION = YES;
				CLANG_WARN_INT_CONVERSION = YES;
				CLANG_WARN_OBJC_ROOT_CLASS = YES_ERROR;
				CLANG_WARN_UNREACHABLE_CODE = YES;
				CLANG_WARN__DUPLICATE_METHOD_MATCH = YES;
				"CODE_SIGN_IDENTITY[sdk=iphoneos*]" = "iPhone Developer";
				COPY_PHASE_STRIP = NO;
				DEBUG_INFORMATION_FORMAT = "dwarf-with-dsym";
				ENABLE_NS_ASSERTIONS = NO;
				ENABLE_STRICT_OBJC_MSGSEND = YES;
				GCC_C_LANGUAGE_STANDARD = gnu99;
				GCC_NO_COMMON_BLOCKS = YES;
				GCC_WARN_64_TO_32_BIT_CONVERSION = YES;
				GCC_WARN_ABOUT_RETURN_TYPE = YES_ERROR;
				GCC_WARN_UNDECLARED_SELECTOR = YES;
				GCC_WARN_UNINITIALIZED_AUTOS = YES_AGGRESSIVE;
				GCC_WARN_UNUSED_FUNCTION = YES;
				GCC_WARN_UNUSED_VARIABLE = YES;
				IPHONEOS_DEPLOYMENT_TARGET = 9.3;
				MTL_ENABLE_DEBUG_INFO = NO;
				SDKROOT = iphoneos;
				TARGETED_DEVICE_FAMILY = "1,2";
				VALIDATE_PRODUCT = YES;
			};
			name = Release;
		};
		ADC42CD91D34287000B36E14 /* Debug */ = {
			isa = XCBuildConfiguration;
			buildSettings = {
				ASSETCATALOG_COMPILER_APPICON_NAME = AppIcon;
				INFOPLIST_FILE = MemeMe/Info.plist;
				LD_RUNPATH_SEARCH_PATHS = "$(inherited) @executable_path/Frameworks";
				PRODUCT_BUNDLE_IDENTIFIER = "blah-monkey.MemeMe";
				PRODUCT_NAME = "$(TARGET_NAME)";
			};
			name = Debug;
		};
		ADC42CDA1D34287000B36E14 /* Release */ = {
			isa = XCBuildConfiguration;
			buildSettings = {
				ASSETCATALOG_COMPILER_APPICON_NAME = AppIcon;
				INFOPLIST_FILE = MemeMe/Info.plist;
				LD_RUNPATH_SEARCH_PATHS = "$(inherited) @executable_path/Frameworks";
				PRODUCT_BUNDLE_IDENTIFIER = "blah-monkey.MemeMe";
				PRODUCT_NAME = "$(TARGET_NAME)";
			};
			name = Release;
		};
		ADC42CDC1D34287000B36E14 /* Debug */ = {
			isa = XCBuildConfiguration;
			buildSettings = {
				BUNDLE_LOADER = "$(TEST_HOST)";
				INFOPLIST_FILE = MemeMeTests/Info.plist;
				LD_RUNPATH_SEARCH_PATHS = "$(inherited) @executable_path/Frameworks @loader_path/Frameworks";
				PRODUCT_BUNDLE_IDENTIFIER = "blah-monkey.MemeMeTests";
				PRODUCT_NAME = "$(TARGET_NAME)";
				TEST_HOST = "$(BUILT_PRODUCTS_DIR)/MemeMe.app/MemeMe";
			};
			name = Debug;
		};
		ADC42CDD1D34287000B36E14 /* Release */ = {
			isa = XCBuildConfiguration;
			buildSettings = {
				BUNDLE_LOADER = "$(TEST_HOST)";
				INFOPLIST_FILE = MemeMeTests/Info.plist;
				LD_RUNPATH_SEARCH_PATHS = "$(inherited) @executable_path/Frameworks @loader_path/Frameworks";
				PRODUCT_BUNDLE_IDENTIFIER = "blah-monkey.MemeMeTests";
				PRODUCT_NAME = "$(TARGET_NAME)";
				TEST_HOST = "$(BUILT_PRODUCTS_DIR)/MemeMe.app/MemeMe";
			};
			name = Release;
		};
		ADC42CDF1D34287000B36E14 /* Debug */ = {
			isa = XCBuildConfiguration;
			buildSettings = {
				INFOPLIST_FILE = MemeMeUITests/Info.plist;
				LD_RUNPATH_SEARCH_PATHS = "$(inherited) @executable_path/Frameworks @loader_path/Frameworks";
				PRODUCT_BUNDLE_IDENTIFIER = "blah-monkey.MemeMeUITests";
				PRODUCT_NAME = "$(TARGET_NAME)";
				TEST_TARGET_NAME = MemeMe;
			};
			name = Debug;
		};
		ADC42CE01D34287000B36E14 /* Release */ = {
			isa = XCBuildConfiguration;
			buildSettings = {
				INFOPLIST_FILE = MemeMeUITests/Info.plist;
				LD_RUNPATH_SEARCH_PATHS = "$(inherited) @executable_path/Frameworks @loader_path/Frameworks";
				PRODUCT_BUNDLE_IDENTIFIER = "blah-monkey.MemeMeUITests";
				PRODUCT_NAME = "$(TARGET_NAME)";
				TEST_TARGET_NAME = MemeMe;
			};
			name = Release;
		};
/* End XCBuildConfiguration section */

/* Begin XCConfigurationList section */
		ADC42CAB1D34287000B36E14 /* Build configuration list for PBXProject "MemeMe" */ = {
			isa = XCConfigurationList;
			buildConfigurations = (
				ADC42CD61D34287000B36E14 /* Debug */,
				ADC42CD71D34287000B36E14 /* Release */,
			);
			defaultConfigurationIsVisible = 0;
			defaultConfigurationName = Release;
		};
		ADC42CD81D34287000B36E14 /* Build configuration list for PBXNativeTarget "MemeMe" */ = {
			isa = XCConfigurationList;
			buildConfigurations = (
				ADC42CD91D34287000B36E14 /* Debug */,
				ADC42CDA1D34287000B36E14 /* Release */,
			);
			defaultConfigurationIsVisible = 0;
		};
		ADC42CDB1D34287000B36E14 /* Build configuration list for PBXNativeTarget "MemeMeTests" */ = {
			isa = XCConfigurationList;
			buildConfigurations = (
				ADC42CDC1D34287000B36E14 /* Debug */,
				ADC42CDD1D34287000B36E14 /* Release */,
			);
			defaultConfigurationIsVisible = 0;
		};
		ADC42CDE1D34287000B36E14 /* Build configuration list for PBXNativeTarget "MemeMeUITests" */ = {
			isa = XCConfigurationList;
			buildConfigurations = (
				ADC42CDF1D34287000B36E14 /* Debug */,
				ADC42CE01D34287000B36E14 /* Release */,
			);
			defaultConfigurationIsVisible = 0;
		};
/* End XCConfigurationList section */
	};
	rootObject = ADC42CA81D34287000B36E14 /* Project object */;
}
